<?xml version="1.0" encoding="utf-8"?>
<Project ToolsVersion="4.0" xmlns="http://schemas.microsoft.com/developer/msbuild/2003">
  <ItemGroup>
    <ClCompile Include="Mainer.cpp" />
    <ClCompile Include="MeGlWindow.cpp" />
    <ClCompile Include="MeShaderCode.cpp" />
    <ClCompile Include="ShapeGenerator.cpp">
      <Filter>Primitives</Filter>
    </ClCompile>
    <ClCompile Include="Camera.cpp" />
    <ClCompile Include="MeWidget.cpp" />
  </ItemGroup>
  <ItemGroup>
    <ClInclude Include="MeGlWindow.h" />
    <ClInclude Include="Vertex.h">
      <Filter>Primitives</Filter>
    </ClInclude>
    <ClInclude Include="ShapeData.h">
      <Filter>Primitives</Filter>
    </ClInclude>
    <ClInclude Include="ShapeGenerator.h">
      <Filter>Primitives</Filter>
    </ClInclude>
    <ClInclude Include="Camera.h" />
    <ClInclude Include="TeapotData.h">
      <Filter>Primitives</Filter>
    </ClInclude>
    <ClInclude Include="MeWidget.h" />
    <ClInclude Include="TypeDefs.h">
      <Filter>Primitives</Filter>
    </ClInclude>
  </ItemGroup>
  <ItemGroup>
    <None Include="VertexShaderCode.glsl" />
    <None Include="FragmentShaderCode.glsl" />
    <None Include="ShapeData.inl">
      <Filter>Primitives</Filter>
    </None>
    <None Include="TextureVertexShaderCode.glsl" />
    <None Include="TextureFragmentShaderCode.glsl" />
    <None Include="ToonVertexShaderCode.glsl" />
    <None Include="ToonFragmentShaderCode.glsl" />
  </ItemGroup>
  <ItemGroup>
    <Filter Include="Primitives">
      <UniqueIdentifier>{f4f1b5cc-4191-4625-9d80-f40c196a4a4e}</UniqueIdentifier>
    </Filter>
  </ItemGroup>
</Project>